
Microsoft Visual Studio Solution File, Format Version 12.00
# Visual Studio 15
VisualStudioVersion = 15.0.28010.2050
MinimumVisualStudioVersion = 10.0.40219.1
Project("{9A19103F-16F7-4668-BE54-9A1E7A4F7556}") = "BBSeeker", "BBSeeker\BBSeeker.csproj", "{7DD49336-8EB8-4662-ABAF-2C4D695A5FF0}"
EndProject
Project("{FAE04EC0-301F-11D3-BF4B-00C04F79EFBC}") = "Tests", "Tests\Tests.csproj", "{7D540D36-A4AE-498C-AE4C-A6D129DA2D63}"
EndProject
Global
	GlobalSection(SolutionConfigurationPlatforms) = preSolution
		Debug|Any CPU = Debug|Any CPU
		Release|Any CPU = Release|Any CPU
	EndGlobalSection
	GlobalSection(ProjectConfigurationPlatforms) = postSolution
		{7DD49336-8EB8-4662-ABAF-2C4D695A5FF0}.Debug|Any CPU.ActiveCfg = Debug|Any CPU
		{7DD49336-8EB8-4662-ABAF-2C4D695A5FF0}.Debug|Any CPU.Build.0 = Debug|Any CPU
		{7DD49336-8EB8-4662-ABAF-2C4D695A5FF0}.Release|Any CPU.ActiveCfg = Release|Any CPU
		{7DD49336-8EB8-4662-ABAF-2C4D695A5FF0}.Release|Any CPU.Build.0 = Release|Any CPU
		{7D540D36-A4AE-498C-AE4C-A6D129DA2D63}.Debug|Any CPU.ActiveCfg = Debug|Any CPU
		{7D540D36-A4AE-498C-AE4C-A6D129DA2D63}.Debug|Any CPU.Build.0 = Debug|Any CPU
		{7D540D36-A4AE-498C-AE4C-A6D129DA2D63}.Release|Any CPU.ActiveCfg = Release|Any CPU
		{7D540D36-A4AE-498C-AE4C-A6D129DA2D63}.Release|Any CPU.Build.0 = Release|Any CPU
	EndGlobalSection
	GlobalSection(SolutionProperties) = preSolution
		HideSolutionNode = FALSE
	EndGlobalSection
	GlobalSection(ExtensibilityGlobals) = postSolution
		SolutionGuid = {A04D0B81-CF8C-4372-823B-BA69B5654167}
	EndGlobalSection
EndGlobal
